
Microsoft Visual Studio Solution File, Format Version 12.00
# Visual Studio Version 17
VisualStudioVersion = 17.10.35201.131
MinimumVisualStudioVersion = 10.0.40219.1
Project("{9A19103F-16F7-4668-BE54-9A1E7A4F7556}") = "ResourceInventory", "src\ResourceInventory\ResourceInventory.csproj", "{8EDAA3A0-72E9-424B-9199-CF8C7063EDEF}"
EndProject
Global
	GlobalSection(SolutionConfigurationPlatforms) = preSolution
		Debug|Any CPU = Debug|Any CPU
		Release|Any CPU = Release|Any CPU
	EndGlobalSection
	GlobalSection(ProjectConfigurationPlatforms) = postSolution
		{8EDAA3A0-72E9-424B-9199-CF8C7063EDEF}.Debug|Any CPU.ActiveCfg = Debug|Any CPU
		{8EDAA3A0-72E9-424B-9199-CF8C7063EDEF}.Debug|Any CPU.Build.0 = Debug|Any CPU
		{8EDAA3A0-72E9-424B-9199-CF8C7063EDEF}.Release|Any CPU.ActiveCfg = Release|Any CPU
		{8EDAA3A0-72E9-424B-9199-CF8C7063EDEF}.Release|Any CPU.Build.0 = Release|Any CPU
	EndGlobalSection
	GlobalSection(SolutionProperties) = preSolution
		HideSolutionNode = FALSE
	EndGlobalSection
	GlobalSection(ExtensibilityGlobals) = postSolution
		SolutionGuid = {1D0EF0F5-79B8-41E8-9134-A37E7B1151C3}
	EndGlobalSection
EndGlobal
